
Microsoft Visual Studio Solution File, Format Version 12.00
# Visual Studio Version 16
VisualStudioVersion = 16.0.29102.190
MinimumVisualStudioVersion = 10.0.40219.1
Project("{9A19103F-16F7-4668-BE54-9A1E7A4F7556}") = "Nt.WebApi", "nt.webapi\src\Nt.WebApi\Nt.WebApi.csproj", "{8E1BF638-190C-491F-8A67-BB35A2B294DD}"
EndProject
Project("{9A19103F-16F7-4668-BE54-9A1E7A4F7556}") = "Nt.WebApi.Repository", "nt.webapi\src\Nt.WebApi.Repository\Nt.WebApi.Repository.csproj", "{88E0E19F-FC00-4A46-813F-89364A1E2235}"
EndProject
Project("{9A19103F-16F7-4668-BE54-9A1E7A4F7556}") = "Nt.WebApi.Shared", "nt.webapi\src\Nt.WebApi.Shared\Nt.WebApi.Shared.csproj", "{B634F2C8-A89F-4E78-BE32-B489025D3019}"
EndProject
Project("{FAE04EC0-301F-11D3-BF4B-00C04F79EFBC}") = "Nt.WebApi.Tests", "nt.webapi\src\Nt.WebApi.Tests\Nt.WebApi.Tests.csproj", "{BB129938-80F0-49F8-BC35-DA198657B299}"
EndProject
Global
	GlobalSection(SolutionConfigurationPlatforms) = preSolution
		Debug|Any CPU = Debug|Any CPU
		Release|Any CPU = Release|Any CPU
	EndGlobalSection
	GlobalSection(ProjectConfigurationPlatforms) = postSolution
		{8E1BF638-190C-491F-8A67-BB35A2B294DD}.Debug|Any CPU.ActiveCfg = Debug|Any CPU
		{8E1BF638-190C-491F-8A67-BB35A2B294DD}.Debug|Any CPU.Build.0 = Debug|Any CPU
		{8E1BF638-190C-491F-8A67-BB35A2B294DD}.Release|Any CPU.ActiveCfg = Release|Any CPU
		{8E1BF638-190C-491F-8A67-BB35A2B294DD}.Release|Any CPU.Build.0 = Release|Any CPU
		{88E0E19F-FC00-4A46-813F-89364A1E2235}.Debug|Any CPU.ActiveCfg = Debug|Any CPU
		{88E0E19F-FC00-4A46-813F-89364A1E2235}.Debug|Any CPU.Build.0 = Debug|Any CPU
		{88E0E19F-FC00-4A46-813F-89364A1E2235}.Release|Any CPU.ActiveCfg = Release|Any CPU
		{88E0E19F-FC00-4A46-813F-89364A1E2235}.Release|Any CPU.Build.0 = Release|Any CPU
		{B634F2C8-A89F-4E78-BE32-B489025D3019}.Debug|Any CPU.ActiveCfg = Debug|Any CPU
		{B634F2C8-A89F-4E78-BE32-B489025D3019}.Debug|Any CPU.Build.0 = Debug|Any CPU
		{B634F2C8-A89F-4E78-BE32-B489025D3019}.Release|Any CPU.ActiveCfg = Release|Any CPU
		{B634F2C8-A89F-4E78-BE32-B489025D3019}.Release|Any CPU.Build.0 = Release|Any CPU
		{BB129938-80F0-49F8-BC35-DA198657B299}.Debug|Any CPU.ActiveCfg = Debug|Any CPU
		{BB129938-80F0-49F8-BC35-DA198657B299}.Debug|Any CPU.Build.0 = Debug|Any CPU
		{BB129938-80F0-49F8-BC35-DA198657B299}.Release|Any CPU.ActiveCfg = Release|Any CPU
		{BB129938-80F0-49F8-BC35-DA198657B299}.Release|Any CPU.Build.0 = Release|Any CPU
	EndGlobalSection
	GlobalSection(SolutionProperties) = preSolution
		HideSolutionNode = FALSE
	EndGlobalSection
	GlobalSection(ExtensibilityGlobals) = postSolution
		SolutionGuid = {C66B27F5-33B3-4D12-B3C0-FCAB94E60DBA}
	EndGlobalSection
EndGlobal
