
Microsoft Visual Studio Solution File, Format Version 12.00
# Visual Studio Version 17
VisualStudioVersion = 17.0.31903.59
MinimumVisualStudioVersion = 10.0.40219.1
Project("{9A19103F-16F7-4668-BE54-9A1E7A4F7556}") = "UserService.Api", "UserService.Api\UserService.Api.csproj", "{30707C18-6B6C-4647-B2BF-FD04F5149B97}"
EndProject
Project("{FAE04EC0-301F-11D3-BF4B-00C04F79EFBC}") = "UserService.Domain", "UserService.Domain\UserService.Domain.csproj", "{3F36FAC8-F1C0-435D-8D07-16E892A11C6F}"
EndProject
Project("{FAE04EC0-301F-11D3-BF4B-00C04F79EFBC}") = "UserService.Data", "UserService.Data\UserService.Data.csproj", "{05A974DF-3936-44ED-A527-2F97C9C24F4C}"
EndProject
Project("{FAE04EC0-301F-11D3-BF4B-00C04F79EFBC}") = "UserService.Service", "UserService.Service\UserService.Service.csproj", "{EC57A54D-AC02-401E-8FA2-99F2ECA4750F}"
EndProject
Global
	GlobalSection(SolutionConfigurationPlatforms) = preSolution
		Debug|Any CPU = Debug|Any CPU
		Release|Any CPU = Release|Any CPU
	EndGlobalSection
	GlobalSection(ProjectConfigurationPlatforms) = postSolution
		{30707C18-6B6C-4647-B2BF-FD04F5149B97}.Debug|Any CPU.ActiveCfg = Debug|Any CPU
		{30707C18-6B6C-4647-B2BF-FD04F5149B97}.Debug|Any CPU.Build.0 = Debug|Any CPU
		{30707C18-6B6C-4647-B2BF-FD04F5149B97}.Release|Any CPU.ActiveCfg = Release|Any CPU
		{30707C18-6B6C-4647-B2BF-FD04F5149B97}.Release|Any CPU.Build.0 = Release|Any CPU
		{3F36FAC8-F1C0-435D-8D07-16E892A11C6F}.Debug|Any CPU.ActiveCfg = Debug|Any CPU
		{3F36FAC8-F1C0-435D-8D07-16E892A11C6F}.Debug|Any CPU.Build.0 = Debug|Any CPU
		{3F36FAC8-F1C0-435D-8D07-16E892A11C6F}.Release|Any CPU.ActiveCfg = Release|Any CPU
		{3F36FAC8-F1C0-435D-8D07-16E892A11C6F}.Release|Any CPU.Build.0 = Release|Any CPU
		{05A974DF-3936-44ED-A527-2F97C9C24F4C}.Debug|Any CPU.ActiveCfg = Debug|Any CPU
		{05A974DF-3936-44ED-A527-2F97C9C24F4C}.Debug|Any CPU.Build.0 = Debug|Any CPU
		{05A974DF-3936-44ED-A527-2F97C9C24F4C}.Release|Any CPU.ActiveCfg = Release|Any CPU
		{05A974DF-3936-44ED-A527-2F97C9C24F4C}.Release|Any CPU.Build.0 = Release|Any CPU
		{EC57A54D-AC02-401E-8FA2-99F2ECA4750F}.Debug|Any CPU.ActiveCfg = Debug|Any CPU
		{EC57A54D-AC02-401E-8FA2-99F2ECA4750F}.Debug|Any CPU.Build.0 = Debug|Any CPU
		{EC57A54D-AC02-401E-8FA2-99F2ECA4750F}.Release|Any CPU.ActiveCfg = Release|Any CPU
		{EC57A54D-AC02-401E-8FA2-99F2ECA4750F}.Release|Any CPU.Build.0 = Release|Any CPU
	EndGlobalSection
	GlobalSection(SolutionProperties) = preSolution
		HideSolutionNode = FALSE
	EndGlobalSection
	GlobalSection(ExtensibilityGlobals) = postSolution
		SolutionGuid = {5445FB5F-8CB6-4785-9DE4-8FB2E6D863D6}
	EndGlobalSection
EndGlobal
