
Microsoft Visual Studio Solution File, Format Version 12.00
# Visual Studio Version 16
VisualStudioVersion = 16.0.29911.84
MinimumVisualStudioVersion = 10.0.40219.1
Project("{FAE04EC0-301F-11D3-BF4B-00C04F79EFBC}") = "nt.wpfclient", "nt.wpfclient\nt.wpfclient.csproj", "{701082F9-7293-40EA-AE8E-0A0350029054}"
EndProject
Global
	GlobalSection(SolutionConfigurationPlatforms) = preSolution
		Debug|Any CPU = Debug|Any CPU
		Release|Any CPU = Release|Any CPU
	EndGlobalSection
	GlobalSection(ProjectConfigurationPlatforms) = postSolution
		{701082F9-7293-40EA-AE8E-0A0350029054}.Debug|Any CPU.ActiveCfg = Debug|Any CPU
		{701082F9-7293-40EA-AE8E-0A0350029054}.Debug|Any CPU.Build.0 = Debug|Any CPU
		{701082F9-7293-40EA-AE8E-0A0350029054}.Release|Any CPU.ActiveCfg = Release|Any CPU
		{701082F9-7293-40EA-AE8E-0A0350029054}.Release|Any CPU.Build.0 = Release|Any CPU
	EndGlobalSection
	GlobalSection(SolutionProperties) = preSolution
		HideSolutionNode = FALSE
	EndGlobalSection
	GlobalSection(ExtensibilityGlobals) = postSolution
		SolutionGuid = {0D2AC6EC-7576-4DFC-AF89-1D3B70E2CEF9}
	EndGlobalSection
EndGlobal
