
Microsoft Visual Studio Solution File, Format Version 12.00
# Visual Studio Version 17
VisualStudioVersion = 17.0.31903.59
MinimumVisualStudioVersion = 10.0.40219.1
Project("{2150E333-8FDC-42A3-9474-1A3956D46DE8}") = "Infrastructure", "Infrastructure", "{7034D6C6-EE6A-4512-BC80-A7DF562741E9}"
EndProject
Project("{9A19103F-16F7-4668-BE54-9A1E7A4F7556}") = "nt.gateway", "infrastructure\nt.gateway\nt.gateway.csproj", "{8629691E-E0CB-43A7-A32D-0605EE750E44}"
EndProject
Project("{2150E333-8FDC-42A3-9474-1A3956D46DE8}") = "Services", "Services", "{E3B3D04C-DA8E-473C-B53E-9DDBB8E3A9B4}"
EndProject
Project("{2150E333-8FDC-42A3-9474-1A3956D46DE8}") = "UserService", "UserService", "{66E33582-B6D8-4BE4-9471-1626AF9801C5}"
EndProject
Project("{9A19103F-16F7-4668-BE54-9A1E7A4F7556}") = "UserService.Api", "services\UserService\UserService.Api\UserService.Api.csproj", "{E7612CAF-3CB1-4ED6-8F5F-982F16B29278}"
EndProject
Project("{9A19103F-16F7-4668-BE54-9A1E7A4F7556}") = "UserService.Data", "services\UserService\UserService.Data\UserService.Data.csproj", "{7C13A204-6B72-4F90-92AB-7660145C5B07}"
EndProject
Project("{9A19103F-16F7-4668-BE54-9A1E7A4F7556}") = "UserService.Domain", "services\UserService\UserService.Domain\UserService.Domain.csproj", "{44382664-ECCF-4B84-BF00-8CE5D4442142}"
EndProject
Project("{9A19103F-16F7-4668-BE54-9A1E7A4F7556}") = "UserService.Service", "services\UserService\UserService.Service\UserService.Service.csproj", "{5779EB62-3097-48CC-A1BE-9539A521C6F6}"
EndProject
Project("{9A19103F-16F7-4668-BE54-9A1E7A4F7556}") = "UserService.Api.Tests", "services\UserService\UserService.Api.Tests\UserService.Api.Tests.csproj", "{63A8BE06-ED39-49C5-B5F9-48D4D0C69CA9}"
EndProject
Project("{9A19103F-16F7-4668-BE54-9A1E7A4F7556}") = "UserService.Service.Tests", "services\UserService\UserService.Service.Tests\UserService.Service.Tests.csproj", "{1AEA23E6-D70B-4101-BB11-86E49D331BDE}"
EndProject
Project("{2150E333-8FDC-42A3-9474-1A3956D46DE8}") = "AuthService", "AuthService", "{379A563F-E8CE-4BF6-9267-455ABAD65681}"
EndProject
Project("{9A19103F-16F7-4668-BE54-9A1E7A4F7556}") = "AuthService.Api", "services\AuthService\AuthService.Api\AuthService.Api.csproj", "{CDDC3574-6181-48C5-AD92-13EABFA8CFD1}"
EndProject
Project("{9A19103F-16F7-4668-BE54-9A1E7A4F7556}") = "AuthService.Data", "services\AuthService\AuthService.Data\AuthService.Data.csproj", "{F84BFD63-C65E-4BAE-A7C6-0DD7FD207A67}"
EndProject
Project("{2150E333-8FDC-42A3-9474-1A3956D46DE8}") = "MovieService", "MovieService", "{77B2AEAA-A853-42BF-835B-1725CA0F4F68}"
EndProject
Project("{9A19103F-16F7-4668-BE54-9A1E7A4F7556}") = "AuthService.Domain", "services\AuthService\AuthService.Domain\AuthService.Domain.csproj", "{27D71DE8-7C88-48A2-9EFA-D785659F6050}"
EndProject
Project("{9A19103F-16F7-4668-BE54-9A1E7A4F7556}") = "AuthService.Service", "services\AuthService\AuthService.Service\AuthService.Service.csproj", "{5E936570-0AA2-4F73-B85C-A78F16439768}"
EndProject
Project("{9A19103F-16F7-4668-BE54-9A1E7A4F7556}") = "MovieService.Api", "services\MovieService\MovieService.Api\MovieService.Api.csproj", "{1EEB25C8-25DD-407C-8ECC-887FD228C75E}"
EndProject
Project("{9A19103F-16F7-4668-BE54-9A1E7A4F7556}") = "MovieService.Data", "services\MovieService\MovieService.Data\MovieService.Data.csproj", "{A59BD915-B88C-491C-B540-FB3002874BA0}"
EndProject
Project("{9A19103F-16F7-4668-BE54-9A1E7A4F7556}") = "MovieService.Domain", "services\MovieService\MovieService.Domain\MovieService.Domain.csproj", "{F58CD006-4956-4566-A5B3-D0A7671910C2}"
EndProject
Project("{9A19103F-16F7-4668-BE54-9A1E7A4F7556}") = "MovieService.Service", "services\MovieService\MovieService.Service\MovieService.Service.csproj", "{55A2CA11-5B8D-4AAF-8AF3-A7FD961D4928}"
EndProject
Project("{9A19103F-16F7-4668-BE54-9A1E7A4F7556}") = "AuthService.Api.Tests", "services\AuthService\AuthService.Api.Tests\AuthService.Api.Tests.csproj", "{B11FA7F0-A483-4BA8-955E-CA64189F17AA}"
EndProject
Project("{E53339B2-1760-4266-BCC7-CA923CBCF16C}") = "docker-compose", "docker-compose.dcproj", "{88FAC380-9F80-441F-A86D-765D39B0F9A9}"
EndProject
Project("{FAE04EC0-301F-11D3-BF4B-00C04F79EFBC}") = "nt.helper", "infrastructure\nt.helper\nt.helper.csproj", "{47D8D6C3-B720-4F92-853A-7D3D01E0127F}"
EndProject
Global
	GlobalSection(SolutionConfigurationPlatforms) = preSolution
		Debug|Any CPU = Debug|Any CPU
		Release|Any CPU = Release|Any CPU
	EndGlobalSection
	GlobalSection(ProjectConfigurationPlatforms) = postSolution
		{8629691E-E0CB-43A7-A32D-0605EE750E44}.Debug|Any CPU.ActiveCfg = Debug|Any CPU
		{8629691E-E0CB-43A7-A32D-0605EE750E44}.Debug|Any CPU.Build.0 = Debug|Any CPU
		{8629691E-E0CB-43A7-A32D-0605EE750E44}.Release|Any CPU.ActiveCfg = Release|Any CPU
		{8629691E-E0CB-43A7-A32D-0605EE750E44}.Release|Any CPU.Build.0 = Release|Any CPU
		{E7612CAF-3CB1-4ED6-8F5F-982F16B29278}.Debug|Any CPU.ActiveCfg = Debug|Any CPU
		{E7612CAF-3CB1-4ED6-8F5F-982F16B29278}.Debug|Any CPU.Build.0 = Debug|Any CPU
		{E7612CAF-3CB1-4ED6-8F5F-982F16B29278}.Release|Any CPU.ActiveCfg = Release|Any CPU
		{E7612CAF-3CB1-4ED6-8F5F-982F16B29278}.Release|Any CPU.Build.0 = Release|Any CPU
		{7C13A204-6B72-4F90-92AB-7660145C5B07}.Debug|Any CPU.ActiveCfg = Debug|Any CPU
		{7C13A204-6B72-4F90-92AB-7660145C5B07}.Debug|Any CPU.Build.0 = Debug|Any CPU
		{7C13A204-6B72-4F90-92AB-7660145C5B07}.Release|Any CPU.ActiveCfg = Release|Any CPU
		{7C13A204-6B72-4F90-92AB-7660145C5B07}.Release|Any CPU.Build.0 = Release|Any CPU
		{44382664-ECCF-4B84-BF00-8CE5D4442142}.Debug|Any CPU.ActiveCfg = Debug|Any CPU
		{44382664-ECCF-4B84-BF00-8CE5D4442142}.Debug|Any CPU.Build.0 = Debug|Any CPU
		{44382664-ECCF-4B84-BF00-8CE5D4442142}.Release|Any CPU.ActiveCfg = Release|Any CPU
		{44382664-ECCF-4B84-BF00-8CE5D4442142}.Release|Any CPU.Build.0 = Release|Any CPU
		{5779EB62-3097-48CC-A1BE-9539A521C6F6}.Debug|Any CPU.ActiveCfg = Debug|Any CPU
		{5779EB62-3097-48CC-A1BE-9539A521C6F6}.Debug|Any CPU.Build.0 = Debug|Any CPU
		{5779EB62-3097-48CC-A1BE-9539A521C6F6}.Release|Any CPU.ActiveCfg = Release|Any CPU
		{5779EB62-3097-48CC-A1BE-9539A521C6F6}.Release|Any CPU.Build.0 = Release|Any CPU
		{63A8BE06-ED39-49C5-B5F9-48D4D0C69CA9}.Debug|Any CPU.ActiveCfg = Debug|Any CPU
		{63A8BE06-ED39-49C5-B5F9-48D4D0C69CA9}.Debug|Any CPU.Build.0 = Debug|Any CPU
		{63A8BE06-ED39-49C5-B5F9-48D4D0C69CA9}.Release|Any CPU.ActiveCfg = Release|Any CPU
		{63A8BE06-ED39-49C5-B5F9-48D4D0C69CA9}.Release|Any CPU.Build.0 = Release|Any CPU
		{1AEA23E6-D70B-4101-BB11-86E49D331BDE}.Debug|Any CPU.ActiveCfg = Debug|Any CPU
		{1AEA23E6-D70B-4101-BB11-86E49D331BDE}.Debug|Any CPU.Build.0 = Debug|Any CPU
		{1AEA23E6-D70B-4101-BB11-86E49D331BDE}.Release|Any CPU.ActiveCfg = Release|Any CPU
		{1AEA23E6-D70B-4101-BB11-86E49D331BDE}.Release|Any CPU.Build.0 = Release|Any CPU
		{CDDC3574-6181-48C5-AD92-13EABFA8CFD1}.Debug|Any CPU.ActiveCfg = Debug|Any CPU
		{CDDC3574-6181-48C5-AD92-13EABFA8CFD1}.Debug|Any CPU.Build.0 = Debug|Any CPU
		{CDDC3574-6181-48C5-AD92-13EABFA8CFD1}.Release|Any CPU.ActiveCfg = Release|Any CPU
		{CDDC3574-6181-48C5-AD92-13EABFA8CFD1}.Release|Any CPU.Build.0 = Release|Any CPU
		{F84BFD63-C65E-4BAE-A7C6-0DD7FD207A67}.Debug|Any CPU.ActiveCfg = Debug|Any CPU
		{F84BFD63-C65E-4BAE-A7C6-0DD7FD207A67}.Debug|Any CPU.Build.0 = Debug|Any CPU
		{F84BFD63-C65E-4BAE-A7C6-0DD7FD207A67}.Release|Any CPU.ActiveCfg = Release|Any CPU
		{F84BFD63-C65E-4BAE-A7C6-0DD7FD207A67}.Release|Any CPU.Build.0 = Release|Any CPU
		{27D71DE8-7C88-48A2-9EFA-D785659F6050}.Debug|Any CPU.ActiveCfg = Debug|Any CPU
		{27D71DE8-7C88-48A2-9EFA-D785659F6050}.Debug|Any CPU.Build.0 = Debug|Any CPU
		{27D71DE8-7C88-48A2-9EFA-D785659F6050}.Release|Any CPU.ActiveCfg = Release|Any CPU
		{27D71DE8-7C88-48A2-9EFA-D785659F6050}.Release|Any CPU.Build.0 = Release|Any CPU
		{5E936570-0AA2-4F73-B85C-A78F16439768}.Debug|Any CPU.ActiveCfg = Debug|Any CPU
		{5E936570-0AA2-4F73-B85C-A78F16439768}.Debug|Any CPU.Build.0 = Debug|Any CPU
		{5E936570-0AA2-4F73-B85C-A78F16439768}.Release|Any CPU.ActiveCfg = Release|Any CPU
		{5E936570-0AA2-4F73-B85C-A78F16439768}.Release|Any CPU.Build.0 = Release|Any CPU
		{1EEB25C8-25DD-407C-8ECC-887FD228C75E}.Debug|Any CPU.ActiveCfg = Debug|Any CPU
		{1EEB25C8-25DD-407C-8ECC-887FD228C75E}.Debug|Any CPU.Build.0 = Debug|Any CPU
		{1EEB25C8-25DD-407C-8ECC-887FD228C75E}.Release|Any CPU.ActiveCfg = Release|Any CPU
		{1EEB25C8-25DD-407C-8ECC-887FD228C75E}.Release|Any CPU.Build.0 = Release|Any CPU
		{A59BD915-B88C-491C-B540-FB3002874BA0}.Debug|Any CPU.ActiveCfg = Debug|Any CPU
		{A59BD915-B88C-491C-B540-FB3002874BA0}.Debug|Any CPU.Build.0 = Debug|Any CPU
		{A59BD915-B88C-491C-B540-FB3002874BA0}.Release|Any CPU.ActiveCfg = Release|Any CPU
		{A59BD915-B88C-491C-B540-FB3002874BA0}.Release|Any CPU.Build.0 = Release|Any CPU
		{F58CD006-4956-4566-A5B3-D0A7671910C2}.Debug|Any CPU.ActiveCfg = Debug|Any CPU
		{F58CD006-4956-4566-A5B3-D0A7671910C2}.Debug|Any CPU.Build.0 = Debug|Any CPU
		{F58CD006-4956-4566-A5B3-D0A7671910C2}.Release|Any CPU.ActiveCfg = Release|Any CPU
		{F58CD006-4956-4566-A5B3-D0A7671910C2}.Release|Any CPU.Build.0 = Release|Any CPU
		{55A2CA11-5B8D-4AAF-8AF3-A7FD961D4928}.Debug|Any CPU.ActiveCfg = Debug|Any CPU
		{55A2CA11-5B8D-4AAF-8AF3-A7FD961D4928}.Debug|Any CPU.Build.0 = Debug|Any CPU
		{55A2CA11-5B8D-4AAF-8AF3-A7FD961D4928}.Release|Any CPU.ActiveCfg = Release|Any CPU
		{55A2CA11-5B8D-4AAF-8AF3-A7FD961D4928}.Release|Any CPU.Build.0 = Release|Any CPU
		{B11FA7F0-A483-4BA8-955E-CA64189F17AA}.Debug|Any CPU.ActiveCfg = Debug|Any CPU
		{B11FA7F0-A483-4BA8-955E-CA64189F17AA}.Debug|Any CPU.Build.0 = Debug|Any CPU
		{B11FA7F0-A483-4BA8-955E-CA64189F17AA}.Release|Any CPU.ActiveCfg = Release|Any CPU
		{B11FA7F0-A483-4BA8-955E-CA64189F17AA}.Release|Any CPU.Build.0 = Release|Any CPU
		{88FAC380-9F80-441F-A86D-765D39B0F9A9}.Debug|Any CPU.ActiveCfg = Debug|Any CPU
		{88FAC380-9F80-441F-A86D-765D39B0F9A9}.Debug|Any CPU.Build.0 = Debug|Any CPU
		{88FAC380-9F80-441F-A86D-765D39B0F9A9}.Release|Any CPU.ActiveCfg = Release|Any CPU
		{88FAC380-9F80-441F-A86D-765D39B0F9A9}.Release|Any CPU.Build.0 = Release|Any CPU
		{47D8D6C3-B720-4F92-853A-7D3D01E0127F}.Debug|Any CPU.ActiveCfg = Debug|Any CPU
		{47D8D6C3-B720-4F92-853A-7D3D01E0127F}.Debug|Any CPU.Build.0 = Debug|Any CPU
		{47D8D6C3-B720-4F92-853A-7D3D01E0127F}.Release|Any CPU.ActiveCfg = Release|Any CPU
		{47D8D6C3-B720-4F92-853A-7D3D01E0127F}.Release|Any CPU.Build.0 = Release|Any CPU
	EndGlobalSection
	GlobalSection(SolutionProperties) = preSolution
		HideSolutionNode = FALSE
	EndGlobalSection
	GlobalSection(NestedProjects) = preSolution
		{8629691E-E0CB-43A7-A32D-0605EE750E44} = {7034D6C6-EE6A-4512-BC80-A7DF562741E9}
		{66E33582-B6D8-4BE4-9471-1626AF9801C5} = {E3B3D04C-DA8E-473C-B53E-9DDBB8E3A9B4}
		{E7612CAF-3CB1-4ED6-8F5F-982F16B29278} = {66E33582-B6D8-4BE4-9471-1626AF9801C5}
		{7C13A204-6B72-4F90-92AB-7660145C5B07} = {66E33582-B6D8-4BE4-9471-1626AF9801C5}
		{44382664-ECCF-4B84-BF00-8CE5D4442142} = {66E33582-B6D8-4BE4-9471-1626AF9801C5}
		{5779EB62-3097-48CC-A1BE-9539A521C6F6} = {66E33582-B6D8-4BE4-9471-1626AF9801C5}
		{63A8BE06-ED39-49C5-B5F9-48D4D0C69CA9} = {66E33582-B6D8-4BE4-9471-1626AF9801C5}
		{1AEA23E6-D70B-4101-BB11-86E49D331BDE} = {66E33582-B6D8-4BE4-9471-1626AF9801C5}
		{379A563F-E8CE-4BF6-9267-455ABAD65681} = {E3B3D04C-DA8E-473C-B53E-9DDBB8E3A9B4}
		{CDDC3574-6181-48C5-AD92-13EABFA8CFD1} = {379A563F-E8CE-4BF6-9267-455ABAD65681}
		{F84BFD63-C65E-4BAE-A7C6-0DD7FD207A67} = {379A563F-E8CE-4BF6-9267-455ABAD65681}
		{77B2AEAA-A853-42BF-835B-1725CA0F4F68} = {E3B3D04C-DA8E-473C-B53E-9DDBB8E3A9B4}
		{27D71DE8-7C88-48A2-9EFA-D785659F6050} = {379A563F-E8CE-4BF6-9267-455ABAD65681}
		{5E936570-0AA2-4F73-B85C-A78F16439768} = {379A563F-E8CE-4BF6-9267-455ABAD65681}
		{1EEB25C8-25DD-407C-8ECC-887FD228C75E} = {77B2AEAA-A853-42BF-835B-1725CA0F4F68}
		{A59BD915-B88C-491C-B540-FB3002874BA0} = {77B2AEAA-A853-42BF-835B-1725CA0F4F68}
		{F58CD006-4956-4566-A5B3-D0A7671910C2} = {77B2AEAA-A853-42BF-835B-1725CA0F4F68}
		{55A2CA11-5B8D-4AAF-8AF3-A7FD961D4928} = {77B2AEAA-A853-42BF-835B-1725CA0F4F68}
		{B11FA7F0-A483-4BA8-955E-CA64189F17AA} = {379A563F-E8CE-4BF6-9267-455ABAD65681}
		{47D8D6C3-B720-4F92-853A-7D3D01E0127F} = {7034D6C6-EE6A-4512-BC80-A7DF562741E9}
	EndGlobalSection
	GlobalSection(ExtensibilityGlobals) = postSolution
		SolutionGuid = {03643F26-3807-492E-A60F-952C4D34C6E9}
	EndGlobalSection
EndGlobal
